{
    "_meta": {
        "hash": {
            "sha256": "72a3ad276828ba2d84cc6a6d1a3b3492b81b1b985f1302c44a1d4f188061ef0e"
        },
        "pipfile-spec": 6,
        "requires": {
            "python_version": "3.7"
        },
        "sources": [
            {
                "name": "pypi",
                "url": "https://pypi.org/simple",
                "verify_ssl": true
            }
        ]
    },
    "default": {
        "click": {
            "hashes": [
                "sha256:2335065e6395b9e67ca716de5f7526736bfa6ceead690adf616d925bdc622b13",
                "sha256:5b94b49521f6456670fdb30cd82a4eca9412788a93fa6dd6df72c94d5a8ff2d7"
            ],
            "index": "pypi",
            "version": "==7.0"
        },
        "ruamel.yaml": {
            "hashes": [
                "sha256:10a8912a32f51eed40e32aa76e2700bb7bfc92f321a0e98409e3b1132bac4519",
                "sha256:1224d1f6abefda0de53ded39e51fc5e0bc0bb496f9e2f6566d3abe2f03cf54c8",
                "sha256:1d51f69dd8dd6fc58b8b3ca7aef87580b940ad0764ac1ea86f8b64feb555d5db",
                "sha256:3bc6377f623e48959bbc4eca07db614c9c0e374b9eea79feff93258aebafc38d",
                "sha256:3df98993f7e20864e60cba10606e14ad109175bb78c1129b06d38a0492beac36",
                "sha256:4796caffcbb81929d8be643df46c74f1825fff4dc0f7e132ea10f727ef89a0cd",
                "sha256:57d1a4c2d158f53040a9d8a611e79a1235be3418a1f8370145493adbab0ebbeb",
                "sha256:6655d70b2e2f6b40220ea4c6caac5bed15cb477bbaf7c6687029f3c82a45bca0",
                "sha256:7eff959cf0a792cb5650b5f50cc8bb5c53b3ab136695268c66ccd3cd332ba2b9",
                "sha256:867e2d0f7d5b4b3dbd9810fa601a9cb663ca8eec45c1f4b3bf56281894c47119",
                "sha256:97652b9e3a76958cf6684d5d963674adf345d8cc192ddd95e2a21b22cda29f40",
                "sha256:9e5179afa032cd64216f9c508b5428cbe3cc42bb6b7dbb33e7cbf64c38eb2f2d",
                "sha256:a2fbb7e2e09390758f704dd04a17643108a3494292c49e9f4a10f248316ec2ae",
                "sha256:a3fde21c981928fde30c5ddded90d313487522c3e7b2011b20b4a17d82e14926",
                "sha256:ab0353559bd1a47e67e287090daa04bed7c19ec887bf311010fe69ddb40fd8eb",
                "sha256:ab7ef6d1ca0dc914fd66eacc8a5cfbf47f5530fe106c81f645b55cff2e1da984",
                "sha256:ab993f82687407dd8f478fb1c1213735524b10f1aa296391261838ee41331ed0",
                "sha256:bd76a9aee355306bfc173865e891885a63888ee15b0e358a66d697bb5c9e208a",
                "sha256:c1483c3de2010b5eb7dfbf6a2484e59d96c5c3a96f67b6ef4dd801471a21195b",
                "sha256:dbf52838c2fd987417cf820aed3a7dea0ba19dfe47c978361afb00cc1366264b",
                "sha256:edce27e000efe88d280e05984175a38835b32929be5c893a8dab6d5af4090995",
                "sha256:f037812ac7360201eef2aa6d977836b2a31419c65ce706c5e0bfb176a99efa04"
            ],
            "index": "pypi",
            "version": "==0.15.72"
        }
    },
    "develop": {}
}
